
Microsoft Visual Studio Solution File, Format Version 12.00
# Visual Studio Version 17
VisualStudioVersion = 17.14.36414.22
MinimumVisualStudioVersion = 10.0.40219.1
Project("{FAE04EC0-301F-11D3-BF4B-00C04F79EFBC}") = "Telemetri_tasarım_denemesi", "Telemetri_tasarım_denemesi\Telemetri_tasarım_denemesi.csproj", "{008529AF-7454-4C75-8E8A-A9EF2110B148}"
EndProject
Global
	GlobalSection(SolutionConfigurationPlatforms) = preSolution
		Debug|Any CPU = Debug|Any CPU
		Release|Any CPU = Release|Any CPU
	EndGlobalSection
	GlobalSection(ProjectConfigurationPlatforms) = postSolution
		{008529AF-7454-4C75-8E8A-A9EF2110B148}.Debug|Any CPU.ActiveCfg = Debug|Any CPU
		{008529AF-7454-4C75-8E8A-A9EF2110B148}.Debug|Any CPU.Build.0 = Debug|Any CPU
		{008529AF-7454-4C75-8E8A-A9EF2110B148}.Release|Any CPU.ActiveCfg = Release|Any CPU
		{008529AF-7454-4C75-8E8A-A9EF2110B148}.Release|Any CPU.Build.0 = Release|Any CPU
	EndGlobalSection
	GlobalSection(SolutionProperties) = preSolution
		HideSolutionNode = FALSE
	EndGlobalSection
	GlobalSection(ExtensibilityGlobals) = postSolution
		SolutionGuid = {D84149E8-411B-4AB0-813A-698A0126E736}
	EndGlobalSection
EndGlobal
